// !$*UTF8*$!
{
	archiveVersion = 1;
	classes = {
	};
	objectVersion = 46;
	objects = {

/* Begin PBXBuildFile section */
		56E07AF81BA5EE1C00739488 /* AppDelegate.swift in Sources */ = {isa = PBXBuildFile; fileRef = 56E07AF71BA5EE1C00739488 /* AppDelegate.swift */; };
		56E07AFA1BA5EE1C00739488 /* ViewController.swift in Sources */ = {isa = PBXBuildFile; fileRef = 56E07AF91BA5EE1C00739488 /* ViewController.swift */; };
		56E07AFD1BA5EE1C00739488 /* Main.storyboard in Resources */ = {isa = PBXBuildFile; fileRef = 56E07AFB1BA5EE1C00739488 /* Main.storyboard */; };
		56E07AFF1BA5EE1C00739488 /* Assets.xcassets in Resources */ = {isa = PBXBuildFile; fileRef = 56E07AFE1BA5EE1C00739488 /* Assets.xcassets */; };
		56E07B021BA5EE1C00739488 /* LaunchScreen.storyboard in Resources */ = {isa = PBXBuildFile; fileRef = 56E07B001BA5EE1C00739488 /* LaunchScreen.storyboard */; };
/* End PBXBuildFile section */

/* Begin PBXFileReference section */
		56E07AF41BA5EE1C00739488 /* Thank You Letter.app */ = {isa = PBXFileReference; explicitFileType = wrapper.application; includeInIndex = 0; path = "Thank You Letter.app"; sourceTree = BUILT_PRODUCTS_DIR; };
		56E07AF71BA5EE1C00739488 /* AppDelegate.swift */ = {isa = PBXFileReference; lastKnownFileType = sourcecode.swift; path = AppDelegate.swift; sourceTree = "<group>"; };
		56E07AF91BA5EE1C00739488 /* ViewController.swift */ = {isa = PBXFileReference; lastKnownFileType = sourcecode.swift; path = ViewController.swift; sourceTree = "<group>"; };
		56E07AFC1BA5EE1C00739488 /* Base */ = {isa = PBXFileReference; lastKnownFileType = file.storyboard; name = Base; path = Base.lproj/Main.storyboard; sourceTree = "<group>"; };
		56E07AFE1BA5EE1C00739488 /* Assets.xcassets */ = {isa = PBXFileReference; lastKnownFileType = folder.assetcatalog; path = Assets.xcassets; sourceTree = "<group>"; };
		56E07B011BA5EE1C00739488 /* Base */ = {isa = PBXFileReference; lastKnownFileType = file.storyboard; name = Base; path = Base.lproj/LaunchScreen.storyboard; sourceTree = "<group>"; };
		56E07B031BA5EE1C00739488 /* Info.plist */ = {isa = PBXFileReference; lastKnownFileType = text.plist.xml; path = Info.plist; sourceTree = "<group>"; };
/* End PBXFileReference section */

/* Begin PBXFrameworksBuildPhase section */
		56E07AF11BA5EE1C00739488 /* Frameworks */ = {
			isa = PBXFrameworksBuildPhase;
			buildActionMask = 2147483647;
			files = (
			);
			runOnlyForDeploymentPostprocessing = 0;
		};
/* End PBXFrameworksBuildPhase section */

/* Begin PBXGroup section */
		56E07AEB1BA5EE1C00739488 = {
			isa = PBXGroup;
			children = (
				56E07AF61BA5EE1C00739488 /* Thank You Letter */,
				56E07AF51BA5EE1C00739488 /* Products */,
			);
			sourceTree = "<group>";
		};
		56E07AF51BA5EE1C00739488 /* Products */ = {
			isa = PBXGroup;
			children = (
				56E07AF41BA5EE1C00739488 /* Thank You Letter.app */,
			);
			name = Products;
			sourceTree = "<group>";
		};
		56E07AF61BA5EE1C00739488 /* Thank You Letter */ = {
			isa = PBXGroup;
			children = (
				56E07AF71BA5EE1C00739488 /* AppDelegate.swift */,
				56E07AF91BA5EE1C00739488 /* ViewController.swift */,
				56E07AFB1BA5EE1C00739488 /* Main.storyboard */,
				56E07AFE1BA5EE1C00739488 /* Assets.xcassets */,
				56E07B001BA5EE1C00739488 /* LaunchScreen.storyboard */,
				56E07B031BA5EE1C00739488 /* Info.plist */,
			);
			path = "Thank You Letter";
			sourceTree = "<group>";
		};
/* End PBXGroup section */

/* Begin PBXNativeTarget section */
		56E07AF31BA5EE1C00739488 /* Thank You Letter */ = {
			isa = PBXNativeTarget;
			buildConfigurationList = 56E07B061BA5EE1C00739488 /* Build configuration list for PBXNativeTarget "Thank You Letter" */;
			buildPhases = (
				56E07AF01BA5EE1C00739488 /* Sources */,
				56E07AF11BA5EE1C00739488 /* Frameworks */,
				56E07AF21BA5EE1C00739488 /* Resources */,
			);
			buildRules = (
			);
			dependencies = (
			);
			name = "Thank You Letter";
			productName = "Thank You Letter";
			productReference = 56E07AF41BA5EE1C00739488 /* Thank You Letter.app */;
			productType = "com.apple.product-type.application";
		};
/* End PBXNativeTarget section */

/* Begin PBXProject section */
		56E07AEC1BA5EE1C00739488 /* Project object */ = {
			isa = PBXProject;
			attributes = {
				LastUpgradeCheck = 0700;
				ORGANIZATIONNAME = "Charles Roncier";
				TargetAttributes = {
					56E07AF31BA5EE1C00739488 = {
						CreatedOnToolsVersion = 7.0;
						DevelopmentTeam = L3PYN5EUFA;
					};
				};
			};
			buildConfigurationList = 56E07AEF1BA5EE1C00739488 /* Build configuration list for PBXProject "Thank You Letter" */;
			compatibilityVersion = "Xcode 3.2";
			developmentRegion = English;
			hasScannedForEncodings = 0;
			knownRegions = (
				en,
				Base,
			);
			mainGroup = 56E07AEB1BA5EE1C00739488;
			productRefGroup = 56E07AF51BA5EE1C00739488 /* Products */;
			projectDirPath = "";
			projectRoot = "";
			targets = (
				56E07AF31BA5EE1C00739488 /* Thank You Letter */,
			);
		};
/* End PBXProject section */

/* Begin PBXResourcesBuildPhase section */
		56E07AF21BA5EE1C00739488 /* Resources */ = {
			isa = PBXResourcesBuildPhase;
			buildActionMask = 2147483647;
			files = (
				56E07B021BA5EE1C00739488 /* LaunchScreen.storyboard in Resources */,
				56E07AFF1BA5EE1C00739488 /* Assets.xcassets in Resources */,
				56E07AFD1BA5EE1C00739488 /* Main.storyboard in Resources */,
			);
			runOnlyForDeploymentPostprocessing = 0;
		};
/* End PBXResourcesBuildPhase section */

/* Begin PBXSourcesBuildPhase section */
		56E07AF01BA5EE1C00739488 /* Sources */ = {
			isa = PBXSourcesBuildPhase;
			buildActionMask = 2147483647;
			files = (
				56E07AFA1BA5EE1C00739488 /* ViewController.swift in Sources */,
				56E07AF81BA5EE1C00739488 /* AppDelegate.swift in Sources */,
			);
			runOnlyForDeploymentPostprocessing = 0;
		};
/* End PBXSourcesBuildPhase section */

/* Begin PBXVariantGroup section */
		56E07AFB1BA5EE1C00739488 /* Main.storyboard */ = {
			isa = PBXVariantGroup;
			children = (
				56E07AFC1BA5EE1C00739488 /* Base */,
			);
			name = Main.storyboard;
			sourceTree = "<group>";
		};
		56E07B001BA5EE1C00739488 /* LaunchScreen.storyboard */ = {
			isa = PBXVariantGroup;
			children = (
				56E07B011BA5EE1C00739488 /* Base */,
			);
			name = LaunchScreen.storyboard;
			sourceTree = "<group>";
		};
/* End PBXVariantGroup section */

/* Begin XCBuildConfiguration section */
		56E07B041BA5EE1C00739488 /* Debug */ = {
			isa = XCBuildConfiguration;
			buildSettings = {
				ALWAYS_SEARCH_USER_PATHS = NO;
				CLANG_CXX_LANGUAGE_STANDARD = "gnu++0x";
				CLANG_CXX_LIBRARY = "libc++";
				CLANG_ENABLE_MODULES = YES;
				CLANG_ENABLE_OBJC_ARC = YES;
				CLANG_WARN_BOOL_CONVERSION = YES;
				CLANG_WARN_CONSTANT_CONVERSION = YES;
				CLANG_WARN_DIRECT_OBJC_ISA_USAGE = YES_ERROR;
				CLANG_WARN_EMPTY_BODY = YES;
				CLANG_WARN_ENUM_CONVERSION = YES;
				CLANG_WARN_INT_CONVERSION = YES;
				CLANG_WARN_OBJC_ROOT_CLASS = YES_ERROR;
				CLANG_WARN_UNREACHABLE_CODE = YES;
				CLANG_WARN__DUPLICATE_METHOD_MATCH = YES;
				"CODE_SIGN_IDENTITY[sdk=iphoneos*]" = "iPhone Developer";
				COPY_PHASE_STRIP = NO;
				DEBUG_INFORMATION_FORMAT = dwarf;
				ENABLE_STRICT_OBJC_MSGSEND = YES;
				ENABLE_TESTABILITY = YES;
				GCC_C_LANGUAGE_STANDARD = gnu99;
				GCC_DYNAMIC_NO_PIC = NO;
				GCC_NO_COMMON_BLOCKS = YES;
				GCC_OPTIMIZATION_LEVEL = 0;
				GCC_PREPROCESSOR_DEFINITIONS = (
					"DEBUG=1",
					"$(inherited)",
				);
				GCC_WARN_64_TO_32_BIT_CONVERSION = YES;
				GCC_WARN_ABOUT_RETURN_TYPE = YES_ERROR;
				GCC_WARN_UNDECLARED_SELECTOR = YES;
				GCC_WARN_UNINITIALIZED_AUTOS = YES_AGGRESSIVE;
				GCC_WARN_UNUSED_FUNCTION = YES;
				GCC_WARN_UNUSED_VARIABLE = YES;
				IPHONEOS_DEPLOYMENT_TARGET = 9.0;
				MTL_ENABLE_DEBUG_INFO = YES;
				ONLY_ACTIVE_ARCH = YES;
				SDKROOT = iphoneos;
				SWIFT_OPTIMIZATION_LEVEL = "-Onone";
				TARGETED_DEVICE_FAMILY = "1,2";
			};
			name = Debug;
		};
		56E07B051BA5EE1C00739488 /* Release */ = {
			isa = XCBuildConfiguration;
			buildSettings = {
				ALWAYS_SEARCH_USER_PATHS = NO;
				CLANG_CXX_LANGUAGE_STANDARD = "gnu++0x";
				CLANG_CXX_LIBRARY = "libc++";
				CLANG_ENABLE_MODULES = YES;
				CLANG_ENABLE_OBJC_ARC = YES;
				CLANG_WARN_BOOL_CONVERSION = YES;
				CLANG_WARN_CONSTANT_CONVERSION = YES;
				CLANG_WARN_DIRECT_OBJC_ISA_USAGE = YES_ERROR;
				CLANG_WARN_EMPTY_BODY = YES;
				CLANG_WARN_ENUM_CONVERSION = YES;
				CLANG_WARN_INT_CONVERSION = YES;
				CLANG_WARN_OBJC_ROOT_CLASS = YES_ERROR;
				CLANG_WARN_UNREACHABLE_CODE = YES;
				CLANG_WARN__DUPLICATE_METHOD_MATCH = YES;
				"CODE_SIGN_IDENTITY[sdk=iphoneos*]" = "iPhone Developer";
				COPY_PHASE_STRIP = NO;
				DEBUG_INFORMATION_FORMAT = "dwarf-with-dsym";
				ENABLE_NS_ASSERTIONS = NO;
				ENABLE_STRICT_OBJC_MSGSEND = YES;
				GCC_C_LANGUAGE_STANDARD = gnu99;
				GCC_NO_COMMON_BLOCKS = YES;
				GCC_WARN_64_TO_32_BIT_CONVERSION = YES;
				GCC_WARN_ABOUT_RETURN_TYPE = YES_ERROR;
				GCC_WARN_UNDECLARED_SELECTOR = YES;
				GCC_WARN_UNINITIALIZED_AUTOS = YES_AGGRESSIVE;
				GCC_WARN_UNUSED_FUNCTION = YES;
				GCC_WARN_UNUSED_VARIABLE = YES;
				IPHONEOS_DEPLOYMENT_TARGET = 9.0;
				MTL_ENABLE_DEBUG_INFO = NO;
				SDKROOT = iphoneos;
				TARGETED_DEVICE_FAMILY = "1,2";
				VALIDATE_PRODUCT = YES;
			};
			name = Release;
		};
		56E07B071BA5EE1C00739488 /* Debug */ = {
			isa = XCBuildConfiguration;
			buildSettings = {
				ASSETCATALOG_COMPILER_APPICON_NAME = AppIcon;
				INFOPLIST_FILE = "Thank You Letter/Info.plist";
				LD_RUNPATH_SEARCH_PATHS = "$(inherited) @executable_path/Frameworks";
				PRODUCT_BUNDLE_IDENTIFIER = "net.roncier.Thank-You-Letter";
				PRODUCT_NAME = "$(TARGET_NAME)";
			};
			name = Debug;
		};
		56E07B081BA5EE1C00739488 /* Release */ = {
			isa = XCBuildConfiguration;
			buildSettings = {
				ASSETCATALOG_COMPILER_APPICON_NAME = AppIcon;
				INFOPLIST_FILE = "Thank You Letter/Info.plist";
				LD_RUNPATH_SEARCH_PATHS = "$(inherited) @executable_path/Frameworks";
				PRODUCT_BUNDLE_IDENTIFIER = "net.roncier.Thank-You-Letter";
				PRODUCT_NAME = "$(TARGET_NAME)";
			};
			name = Release;
		};
/* End XCBuildConfiguration section */

/* Begin XCConfigurationList section */
		56E07AEF1BA5EE1C00739488 /* Build configuration list for PBXProject "Thank You Letter" */ = {
			isa = XCConfigurationList;
			buildConfigurations = (
				56E07B041BA5EE1C00739488 /* Debug */,
				56E07B051BA5EE1C00739488 /* Release */,
			);
			defaultConfigurationIsVisible = 0;
			defaultConfigurationName = Release;
		};
		56E07B061BA5EE1C00739488 /* Build configuration list for PBXNativeTarget "Thank You Letter" */ = {
			isa = XCConfigurationList;
			buildConfigurations = (
				56E07B071BA5EE1C00739488 /* Debug */,
				56E07B081BA5EE1C00739488 /* Release */,
			);
			defaultConfigurationIsVisible = 0;
		};
/* End XCConfigurationList section */
	};
	rootObject = 56E07AEC1BA5EE1C00739488 /* Project object */;
}
